
Microsoft Visual Studio Solution File, Format Version 12.00
# Visual Studio Version 17
VisualStudioVersion = 17.5.33530.505
MinimumVisualStudioVersion = 10.0.40219.1
Project("{FAE04EC0-301F-11D3-BF4B-00C04F79EFBC}") = "Git test", "Git test.csproj", "{D20FEF11-7B1B-4631-A52F-A392068C4FC1}"
EndProject
Global
	GlobalSection(SolutionConfigurationPlatforms) = preSolution
		Debug|Any CPU = Debug|Any CPU
		Release|Any CPU = Release|Any CPU
	EndGlobalSection
	GlobalSection(ProjectConfigurationPlatforms) = postSolution
		{D20FEF11-7B1B-4631-A52F-A392068C4FC1}.Debug|Any CPU.ActiveCfg = Debug|Any CPU
		{D20FEF11-7B1B-4631-A52F-A392068C4FC1}.Debug|Any CPU.Build.0 = Debug|Any CPU
		{D20FEF11-7B1B-4631-A52F-A392068C4FC1}.Release|Any CPU.ActiveCfg = Release|Any CPU
		{D20FEF11-7B1B-4631-A52F-A392068C4FC1}.Release|Any CPU.Build.0 = Release|Any CPU
	EndGlobalSection
	GlobalSection(SolutionProperties) = preSolution
		HideSolutionNode = FALSE
	EndGlobalSection
	GlobalSection(ExtensibilityGlobals) = postSolution
		SolutionGuid = {C3D63F9A-B567-4A76-A882-38F4B2441394}
	EndGlobalSection
EndGlobal
